
Microsoft Visual Studio Solution File, Format Version 12.00
# Visual Studio Version 17
VisualStudioVersion = 17.6.33801.468
MinimumVisualStudioVersion = 10.0.40219.1
Project("{FAE04EC0-301F-11D3-BF4B-00C04F79EFBC}") = "PracticaFinalOscarLopez", "PracticaFinalOscarLopez\PracticaFinalOscarLopez.csproj", "{4DC0BC0E-784B-49F1-A129-E28D3273D798}"
EndProject
Global
	GlobalSection(SolutionConfigurationPlatforms) = preSolution
		Debug|Any CPU = Debug|Any CPU
		Release|Any CPU = Release|Any CPU
	EndGlobalSection
	GlobalSection(ProjectConfigurationPlatforms) = postSolution
		{4DC0BC0E-784B-49F1-A129-E28D3273D798}.Debug|Any CPU.ActiveCfg = Debug|Any CPU
		{4DC0BC0E-784B-49F1-A129-E28D3273D798}.Debug|Any CPU.Build.0 = Debug|Any CPU
		{4DC0BC0E-784B-49F1-A129-E28D3273D798}.Release|Any CPU.ActiveCfg = Release|Any CPU
		{4DC0BC0E-784B-49F1-A129-E28D3273D798}.Release|Any CPU.Build.0 = Release|Any CPU
	EndGlobalSection
	GlobalSection(SolutionProperties) = preSolution
		HideSolutionNode = FALSE
	EndGlobalSection
	GlobalSection(ExtensibilityGlobals) = postSolution
		SolutionGuid = {5CFACC64-64E3-4CD1-9208-34B71F2365A0}
	EndGlobalSection
EndGlobal
